
Microsoft Visual Studio Solution File, Format Version 12.00
# Visual Studio 15
VisualStudioVersion = 15.0.27703.2000
MinimumVisualStudioVersion = 10.0.40219.1
Project("{FAE04EC0-301F-11D3-BF4B-00C04F79EFBC}") = "DATABASE1111111", "DATABASE1111111\DATABASE1111111.csproj", "{42A5E907-8A69-4396-9519-0A1CFCC69CE5}"
EndProject
Global
	GlobalSection(SolutionConfigurationPlatforms) = preSolution
		Debug|Any CPU = Debug|Any CPU
		Release|Any CPU = Release|Any CPU
	EndGlobalSection
	GlobalSection(ProjectConfigurationPlatforms) = postSolution
		{42A5E907-8A69-4396-9519-0A1CFCC69CE5}.Debug|Any CPU.ActiveCfg = Debug|Any CPU
		{42A5E907-8A69-4396-9519-0A1CFCC69CE5}.Debug|Any CPU.Build.0 = Debug|Any CPU
		{42A5E907-8A69-4396-9519-0A1CFCC69CE5}.Debug|Any CPU.Deploy.0 = Debug|Any CPU
		{42A5E907-8A69-4396-9519-0A1CFCC69CE5}.Release|Any CPU.ActiveCfg = Release|Any CPU
		{42A5E907-8A69-4396-9519-0A1CFCC69CE5}.Release|Any CPU.Build.0 = Release|Any CPU
		{42A5E907-8A69-4396-9519-0A1CFCC69CE5}.Release|Any CPU.Deploy.0 = Release|Any CPU
	EndGlobalSection
	GlobalSection(SolutionProperties) = preSolution
		HideSolutionNode = FALSE
	EndGlobalSection
	GlobalSection(ExtensibilityGlobals) = postSolution
		SolutionGuid = {11147F9F-3ABF-4CB4-B65A-7E4505F40FD2}
	EndGlobalSection
EndGlobal
